
Microsoft Visual Studio Solution File, Format Version 12.00
# Visual Studio Version 16
VisualStudioVersion = 16.0.33214.272
MinimumVisualStudioVersion = 10.0.40219.1
Project("{FAE04EC0-301F-11D3-BF4B-00C04F79EFBC}") = "Upload_File", "Upload_File\Upload_File.csproj", "{87A65D9E-80AD-404A-9464-68BAEE38B373}"
EndProject
Global
	GlobalSection(SolutionConfigurationPlatforms) = preSolution
		Debug|Any CPU = Debug|Any CPU
		Release|Any CPU = Release|Any CPU
	EndGlobalSection
	GlobalSection(ProjectConfigurationPlatforms) = postSolution
		{87A65D9E-80AD-404A-9464-68BAEE38B373}.Debug|Any CPU.ActiveCfg = Debug|Any CPU
		{87A65D9E-80AD-404A-9464-68BAEE38B373}.Debug|Any CPU.Build.0 = Debug|Any CPU
		{87A65D9E-80AD-404A-9464-68BAEE38B373}.Release|Any CPU.ActiveCfg = Release|Any CPU
		{87A65D9E-80AD-404A-9464-68BAEE38B373}.Release|Any CPU.Build.0 = Release|Any CPU
	EndGlobalSection
	GlobalSection(SolutionProperties) = preSolution
		HideSolutionNode = FALSE
	EndGlobalSection
	GlobalSection(ExtensibilityGlobals) = postSolution
		SolutionGuid = {26B9A03D-54A6-49CA-BE98-1BF3D7C428BC}
	EndGlobalSection
EndGlobal
